// !$*UTF8*$!
{
	archiveVersion = 1;
	classes = {
	};
	objectVersion = 46;
	objects = {

/* Begin PBXBuildFile section */
		832A2EA31D50E82600203BC8 /* CSAlbumViewController.m in Sources */ = {isa = PBXBuildFile; fileRef = 832A2EA21D50E82600203BC8 /* CSAlbumViewController.m */; };
		832A2EA91D50EFA100203BC8 /* CSCameraViewController.m in Sources */ = {isa = PBXBuildFile; fileRef = 832A2EA81D50EFA100203BC8 /* CSCameraViewController.m */; };
		834C52F21B92DABE000690FD /* main.m in Sources */ = {isa = PBXBuildFile; fileRef = 834C52F11B92DABE000690FD /* main.m */; };
		834C52F51B92DABE000690FD /* AppDelegate.m in Sources */ = {isa = PBXBuildFile; fileRef = 834C52F41B92DABE000690FD /* AppDelegate.m */; };
		834C52FB1B92DABE000690FD /* Main.storyboard in Resources */ = {isa = PBXBuildFile; fileRef = 834C52F91B92DABE000690FD /* Main.storyboard */; };
		834C52FD1B92DABE000690FD /* Images.xcassets in Resources */ = {isa = PBXBuildFile; fileRef = 834C52FC1B92DABE000690FD /* Images.xcassets */; };
		834C53001B92DABE000690FD /* LaunchScreen.xib in Resources */ = {isa = PBXBuildFile; fileRef = 834C52FE1B92DABE000690FD /* LaunchScreen.xib */; };
		834C530C1B92DABE000690FD /* ImageFilterDemoTests.m in Sources */ = {isa = PBXBuildFile; fileRef = 834C530B1B92DABE000690FD /* ImageFilterDemoTests.m */; };
		A405861C1B93FE40004DD437 /* OpenGLES.framework in Frameworks */ = {isa = PBXBuildFile; fileRef = A405861B1B93FE40004DD437 /* OpenGLES.framework */; };
		A405861E1B93FE4E004DD437 /* CoreGraphics.framework in Frameworks */ = {isa = PBXBuildFile; fileRef = A405861D1B93FE4E004DD437 /* CoreGraphics.framework */; };
		A40586201B940EA6004DD437 /* QuartzCore.framework in Frameworks */ = {isa = PBXBuildFile; fileRef = A405861F1B940EA6004DD437 /* QuartzCore.framework */; };
		A41585221DADCA220058204E /* CSPreviewThumbnailDataSourceManager.m in Sources */ = {isa = PBXBuildFile; fileRef = A415851F1DADCA220058204E /* CSPreviewThumbnailDataSourceManager.m */; };
		A41585231DADCA220058204E /* CSPreviewViewController.m in Sources */ = {isa = PBXBuildFile; fileRef = A41585211DADCA220058204E /* CSPreviewViewController.m */; };
		A41587431DAE44AA0058204E /* LUT_NOSTALGIA.png in Resources */ = {isa = PBXBuildFile; fileRef = A41587421DAE44AA0058204E /* LUT_NOSTALGIA.png */; };
		A42378401DCC2D5F0040CC3E /* 66.jpg in Resources */ = {isa = PBXBuildFile; fileRef = A423783C1DCC2D5F0040CC3E /* 66.jpg */; };
		A42378411DCC2D5F0040CC3E /* 67.jpg in Resources */ = {isa = PBXBuildFile; fileRef = A423783D1DCC2D5F0040CC3E /* 67.jpg */; };
		A42378421DCC2D5F0040CC3E /* 68.jpg in Resources */ = {isa = PBXBuildFile; fileRef = A423783E1DCC2D5F0040CC3E /* 68.jpg */; };
		A42378431DCC2D5F0040CC3E /* 69.jpg in Resources */ = {isa = PBXBuildFile; fileRef = A423783F1DCC2D5F0040CC3E /* 69.jpg */; };
		A423784B1DCC8FCE0040CC3E /* ear.png in Resources */ = {isa = PBXBuildFile; fileRef = A423784A1DCC8FCE0040CC3E /* ear.png */; };
		A42C9D331DB07243002D8AFF /* ViewImageCrop.m in Sources */ = {isa = PBXBuildFile; fileRef = A42C9D321DB07243002D8AFF /* ViewImageCrop.m */; };
		A42C9D351DB0948F002D8AFF /* Shiny_2.jpg in Resources */ = {isa = PBXBuildFile; fileRef = A42C9D341DB0948F002D8AFF /* Shiny_2.jpg */; };
		A42D28AE1D598DAC00FEE114 /* CSAlbumCollectionViewCell.m in Sources */ = {isa = PBXBuildFile; fileRef = A42D28AD1D598DAC00FEE114 /* CSAlbumCollectionViewCell.m */; };
		A42D28B01D598E5B00FEE114 /* CSAlbumCollectionViewCell.xib in Resources */ = {isa = PBXBuildFile; fileRef = A42D28AF1D598E5B00FEE114 /* CSAlbumCollectionViewCell.xib */; };
		A42D28B31D5994ED00FEE114 /* BeautyCenterViewController.m in Sources */ = {isa = PBXBuildFile; fileRef = A42D28B21D5994ED00FEE114 /* BeautyCenterViewController.m */; };
		A42D28C51D5B2B9000FEE114 /* CSAlbumCoverCollectionViewController.m in Sources */ = {isa = PBXBuildFile; fileRef = A42D28C41D5B2B9000FEE114 /* CSAlbumCoverCollectionViewController.m */; };
		A44EB7301D4B2B0C00EF5F8E /* CPUImageFilterUtil.m in Sources */ = {isa = PBXBuildFile; fileRef = A44EB7261D4B2B0C00EF5F8E /* CPUImageFilterUtil.m */; };
		A44EB7311D4B2B0C00EF5F8E /* Model.png in Resources */ = {isa = PBXBuildFile; fileRef = A44EB7281D4B2B0C00EF5F8E /* Model.png */; };
		A44EB7331D4B2B0C00EF5F8E /* ItemViewController.m in Sources */ = {isa = PBXBuildFile; fileRef = A44EB72D1D4B2B0C00EF5F8E /* ItemViewController.m */; };
		A44EB7341D4B2B0C00EF5F8E /* RootTableViewController.m in Sources */ = {isa = PBXBuildFile; fileRef = A44EB72F1D4B2B0C00EF5F8E /* RootTableViewController.m */; };
		A47C6D701DC878AB00997DD2 /* LUT_Snap.png in Resources */ = {isa = PBXBuildFile; fileRef = A47C6D6F1DC878AB00997DD2 /* LUT_Snap.png */; };
		A47C6D731DC87D0600997DD2 /* GPUImageSnapchatFilter.m in Sources */ = {isa = PBXBuildFile; fileRef = A47C6D721DC87D0600997DD2 /* GPUImageSnapchatFilter.m */; };
		A47C6DD41DCB2E7600997DD2 /* MainViewController.m in Sources */ = {isa = PBXBuildFile; fileRef = A47C6DD31DCB2E7600997DD2 /* MainViewController.m */; };
		A47C6DD71DCB417500997DD2 /* UIImage+WaterMark.m in Sources */ = {isa = PBXBuildFile; fileRef = A47C6DD61DCB417500997DD2 /* UIImage+WaterMark.m */; };
		A47F5A241D703759002B4F3E /* customToneCurve.acv in Resources */ = {isa = PBXBuildFile; fileRef = A47F5A231D703759002B4F3E /* customToneCurve.acv */; };
		A47F5A281D703D51002B4F3E /* LUT_Bleach.png in Resources */ = {isa = PBXBuildFile; fileRef = A47F5A261D703D51002B4F3E /* LUT_Bleach.png */; };
		A47F5A291D703D51002B4F3E /* LUT_Original.png in Resources */ = {isa = PBXBuildFile; fileRef = A47F5A271D703D51002B4F3E /* LUT_Original.png */; };
		A47F5A2B1D704058002B4F3E /* LUT_Moonlight.png in Resources */ = {isa = PBXBuildFile; fileRef = A47F5A2A1D704058002B4F3E /* LUT_Moonlight.png */; };
		A47F5A2E1D704113002B4F3E /* GPUImageMoonlightFilter.m in Sources */ = {isa = PBXBuildFile; fileRef = A47F5A2D1D704113002B4F3E /* GPUImageMoonlightFilter.m */; };
		A47F5A301D70466D002B4F3E /* LUT_From_PS_ATN_File.png in Resources */ = {isa = PBXBuildFile; fileRef = A47F5A2F1D70466D002B4F3E /* LUT_From_PS_ATN_File.png */; };
		A47F5A3E1D704A7D002B4F3E /* texture_colorBurnBlend_1.png in Resources */ = {isa = PBXBuildFile; fileRef = A47F5A341D704A7D002B4F3E /* texture_colorBurnBlend_1.png */; };
		A47F5A3F1D704A7D002B4F3E /* texture_linearBurnBlend_1.png in Resources */ = {isa = PBXBuildFile; fileRef = A47F5A351D704A7D002B4F3E /* texture_linearBurnBlend_1.png */; };
		A47F5A401D704A7D002B4F3E /* texture_multiplyBlend_1.png in Resources */ = {isa = PBXBuildFile; fileRef = A47F5A361D704A7D002B4F3E /* texture_multiplyBlend_1.png */; };
		A47F5A411D704A7D002B4F3E /* texture_normalBlend_1.png in Resources */ = {isa = PBXBuildFile; fileRef = A47F5A371D704A7D002B4F3E /* texture_normalBlend_1.png */; };
		A47F5A421D704A7D002B4F3E /* texture_normalBlend_2.png in Resources */ = {isa = PBXBuildFile; fileRef = A47F5A381D704A7D002B4F3E /* texture_normalBlend_2.png */; };
		A47F5A431D704A7D002B4F3E /* texture_normalBlend_3.png in Resources */ = {isa = PBXBuildFile; fileRef = A47F5A391D704A7D002B4F3E /* texture_normalBlend_3.png */; };
		A47F5A441D704A7D002B4F3E /* texture_normalBlend_4.png in Resources */ = {isa = PBXBuildFile; fileRef = A47F5A3A1D704A7D002B4F3E /* texture_normalBlend_4.png */; };
		A47F5A451D704A7D002B4F3E /* texture_overlayBlend_1.png in Resources */ = {isa = PBXBuildFile; fileRef = A47F5A3B1D704A7D002B4F3E /* texture_overlayBlend_1.png */; };
		A47F5A461D704A7D002B4F3E /* texture_overlayBlend_2.png in Resources */ = {isa = PBXBuildFile; fileRef = A47F5A3C1D704A7D002B4F3E /* texture_overlayBlend_2.png */; };
		A47F5A471D704A7D002B4F3E /* texture_screenBlend_1.png in Resources */ = {isa = PBXBuildFile; fileRef = A47F5A3D1D704A7D002B4F3E /* texture_screenBlend_1.png */; };
		A4880B5F1D814AC40016B619 /* CameraFocusView.m in Sources */ = {isa = PBXBuildFile; fileRef = A4880B5E1D814AC40016B619 /* CameraFocusView.m */; };
		A4880B621D816B600016B619 /* CSSlider.m in Sources */ = {isa = PBXBuildFile; fileRef = A4880B601D816B600016B619 /* CSSlider.m */; };
		A4CDE55B1D9939940009F1F0 /* CoreMotion.framework in Frameworks */ = {isa = PBXBuildFile; fileRef = A4CDE55A1D9939940009F1F0 /* CoreMotion.framework */; };
		A4CDE55F1D99FFE60009F1F0 /* UIImage+CSCategory.m in Sources */ = {isa = PBXBuildFile; fileRef = A4CDE55E1D99FFE60009F1F0 /* UIImage+CSCategory.m */; };
		A4D8AEBD1D50456600060E5F /* CameraViewController.m in Sources */ = {isa = PBXBuildFile; fileRef = A4D8AEBC1D50456600060E5F /* CameraViewController.m */; };
		A4D8AEC01D50457200060E5F /* VideoViewController.m in Sources */ = {isa = PBXBuildFile; fileRef = A4D8AEBF1D50457200060E5F /* VideoViewController.m */; };
		A4D8AEC41D50918F00060E5F /* GPUImageCustomFilter.fsh in Resources */ = {isa = PBXBuildFile; fileRef = A4D8AEC31D50918F00060E5F /* GPUImageCustomFilter.fsh */; };
		A4D8AEC71D5091A700060E5F /* DemoGPUImageCameraViewController.m in Sources */ = {isa = PBXBuildFile; fileRef = A4D8AEC61D5091A700060E5F /* DemoGPUImageCameraViewController.m */; };
		A4D8AECA1D51A8D500060E5F /* CSVideoCameraViewController.m in Sources */ = {isa = PBXBuildFile; fileRef = A4D8AEC91D51A8D500060E5F /* CSVideoCameraViewController.m */; };
		A4D8AECD1D51A96200060E5F /* DemoGPUImageVideoCameraViewController.m in Sources */ = {isa = PBXBuildFile; fileRef = A4D8AECC1D51A96200060E5F /* DemoGPUImageVideoCameraViewController.m */; };
		A4D8AED01D51BD0500060E5F /* CSViewVideoCameraDuration.m in Sources */ = {isa = PBXBuildFile; fileRef = A4D8AECF1D51BD0500060E5F /* CSViewVideoCameraDuration.m */; };
		A4D8AF081D582B1E00060E5F /* CSAlbumDataSourceManager.m in Sources */ = {isa = PBXBuildFile; fileRef = A4D8AF071D582B1E00060E5F /* CSAlbumDataSourceManager.m */; };
		A4DE3AEB1DBDDB6900CC8896 /* magic_animation.m4a in Resources */ = {isa = PBXBuildFile; fileRef = A4DE3AEA1DBDDB6900CC8896 /* magic_animation.m4a */; };
		A4DE3AED1DBDDE1900CC8896 /* countdown.wav in Resources */ = {isa = PBXBuildFile; fileRef = A4DE3AEC1DBDDE1900CC8896 /* countdown.wav */; };
		A4DE3B471DBF2D5000CC8896 /* ABPieProgress.m in Sources */ = {isa = PBXBuildFile; fileRef = A4DE3B461DBF2D5000CC8896 /* ABPieProgress.m */; };
		A4DE3B4A1DBF334F00CC8896 /* NSIndexSet+Convenience.m in Sources */ = {isa = PBXBuildFile; fileRef = A4DE3B491DBF334F00CC8896 /* NSIndexSet+Convenience.m */; };
		A4DE3B9B1DC0BF2100CC8896 /* TestViewController.m in Sources */ = {isa = PBXBuildFile; fileRef = A4DE3B9A1DC0BF2000CC8896 /* TestViewController.m */; };
		A4DE3BA11DC0C09800CC8896 /* AnimatorBaseTransition.m in Sources */ = {isa = PBXBuildFile; fileRef = A4DE3B9E1DC0C09800CC8896 /* AnimatorBaseTransition.m */; };
		A4DE3BA21DC0C09800CC8896 /* AnimatorPushPopTransition.m in Sources */ = {isa = PBXBuildFile; fileRef = A4DE3BA01DC0C09800CC8896 /* AnimatorPushPopTransition.m */; };
		A4F225121DB6301700310FB9 /* CLLocation+GPSDictionary.m in Sources */ = {isa = PBXBuildFile; fileRef = A4F225111DB6301700310FB9 /* CLLocation+GPSDictionary.m */; };
		DD82DD4AAC3BD05F16B37789 /* libPods-ImageFilterDemo.a in Frameworks */ = {isa = PBXBuildFile; fileRef = FC6FAC3C1BE6B6B1815CE150 /* libPods-ImageFilterDemo.a */; };
/* End PBXBuildFile section */

/* Begin PBXContainerItemProxy section */
		834C53061B92DABE000690FD /* PBXContainerItemProxy */ = {
			isa = PBXContainerItemProxy;
			containerPortal = 834C52E41B92DABE000690FD /* Project object */;
			proxyType = 1;
			remoteGlobalIDString = 834C52EB1B92DABE000690FD;
			remoteInfo = ImageFilterDemo;
		};
/* End PBXContainerItemProxy section */

/* Begin PBXFileReference section */
		6128B69739574C7D3EDB3D10 /* Pods-ImageFilterDemo.release.xcconfig */ = {isa = PBXFileReference; includeInIndex = 1; lastKnownFileType = text.xcconfig; name = "Pods-ImageFilterDemo.release.xcconfig"; path = "Pods/Target Support Files/Pods-ImageFilterDemo/Pods-ImageFilterDemo.release.xcconfig"; sourceTree = "<group>"; };
		832A2EA11D50E82600203BC8 /* CSAlbumViewController.h */ = {isa = PBXFileReference; fileEncoding = 4; lastKnownFileType = sourcecode.c.h; path = CSAlbumViewController.h; sourceTree = "<group>"; };
		832A2EA21D50E82600203BC8 /* CSAlbumViewController.m */ = {isa = PBXFileReference; fileEncoding = 4; lastKnownFileType = sourcecode.c.objc; path = CSAlbumViewController.m; sourceTree = "<group>"; };
		832A2EA71D50EFA100203BC8 /* CSCameraViewController.h */ = {isa = PBXFileReference; fileEncoding = 4; lastKnownFileType = sourcecode.c.h; path = CSCameraViewController.h; sourceTree = "<group>"; };
		832A2EA81D50EFA100203BC8 /* CSCameraViewController.m */ = {isa = PBXFileReference; fileEncoding = 4; lastKnownFileType = sourcecode.c.objc; path = CSCameraViewController.m; sourceTree = "<group>"; };
		834C52EC1B92DABE000690FD /* ImageFilterDemo.app */ = {isa = PBXFileReference; explicitFileType = wrapper.application; includeInIndex = 0; path = ImageFilterDemo.app; sourceTree = BUILT_PRODUCTS_DIR; };
		834C52F01B92DABE000690FD /* Info.plist */ = {isa = PBXFileReference; lastKnownFileType = text.plist.xml; path = Info.plist; sourceTree = "<group>"; };
		834C52F11B92DABE000690FD /* main.m */ = {isa = PBXFileReference; lastKnownFileType = sourcecode.c.objc; path = main.m; sourceTree = "<group>"; };
		834C52F31B92DABE000690FD /* AppDelegate.h */ = {isa = PBXFileReference; lastKnownFileType = sourcecode.c.h; path = AppDelegate.h; sourceTree = "<group>"; };
		834C52F41B92DABE000690FD /* AppDelegate.m */ = {isa = PBXFileReference; lastKnownFileType = sourcecode.c.objc; path = AppDelegate.m; sourceTree = "<group>"; };
		834C52FA1B92DABE000690FD /* Base */ = {isa = PBXFileReference; lastKnownFileType = file.storyboard; name = Base; path = Base.lproj/Main.storyboard; sourceTree = "<group>"; };
		834C52FC1B92DABE000690FD /* Images.xcassets */ = {isa = PBXFileReference; lastKnownFileType = folder.assetcatalog; path = Images.xcassets; sourceTree = "<group>"; };
		834C52FF1B92DABE000690FD /* Base */ = {isa = PBXFileReference; lastKnownFileType = file.xib; name = Base; path = Base.lproj/LaunchScreen.xib; sourceTree = "<group>"; };
		834C53051B92DABE000690FD /* ImageFilterDemoTests.xctest */ = {isa = PBXFileReference; explicitFileType = wrapper.cfbundle; includeInIndex = 0; path = ImageFilterDemoTests.xctest; sourceTree = BUILT_PRODUCTS_DIR; };
		834C530A1B92DABE000690FD /* Info.plist */ = {isa = PBXFileReference; lastKnownFileType = text.plist.xml; path = Info.plist; sourceTree = "<group>"; };
		834C530B1B92DABE000690FD /* ImageFilterDemoTests.m */ = {isa = PBXFileReference; lastKnownFileType = sourcecode.c.objc; path = ImageFilterDemoTests.m; sourceTree = "<group>"; };
		A405861B1B93FE40004DD437 /* OpenGLES.framework */ = {isa = PBXFileReference; lastKnownFileType = wrapper.framework; name = OpenGLES.framework; path = System/Library/Frameworks/OpenGLES.framework; sourceTree = SDKROOT; };
		A405861D1B93FE4E004DD437 /* CoreGraphics.framework */ = {isa = PBXFileReference; lastKnownFileType = wrapper.framework; name = CoreGraphics.framework; path = System/Library/Frameworks/CoreGraphics.framework; sourceTree = SDKROOT; };
		A405861F1B940EA6004DD437 /* QuartzCore.framework */ = {isa = PBXFileReference; lastKnownFileType = wrapper.framework; name = QuartzCore.framework; path = System/Library/Frameworks/QuartzCore.framework; sourceTree = SDKROOT; };
		A415851E1DADCA220058204E /* CSPreviewThumbnailDataSourceManager.h */ = {isa = PBXFileReference; fileEncoding = 4; lastKnownFileType = sourcecode.c.h; path = CSPreviewThumbnailDataSourceManager.h; sourceTree = "<group>"; };
		A415851F1DADCA220058204E /* CSPreviewThumbnailDataSourceManager.m */ = {isa = PBXFileReference; fileEncoding = 4; lastKnownFileType = sourcecode.c.objc; path = CSPreviewThumbnailDataSourceManager.m; sourceTree = "<group>"; };
		A41585201DADCA220058204E /* CSPreviewViewController.h */ = {isa = PBXFileReference; fileEncoding = 4; lastKnownFileType = sourcecode.c.h; path = CSPreviewViewController.h; sourceTree = "<group>"; };
		A41585211DADCA220058204E /* CSPreviewViewController.m */ = {isa = PBXFileReference; fileEncoding = 4; lastKnownFileType = sourcecode.c.objc; path = CSPreviewViewController.m; sourceTree = "<group>"; };
		A41587421DAE44AA0058204E /* LUT_NOSTALGIA.png */ = {isa = PBXFileReference; lastKnownFileType = image.png; path = LUT_NOSTALGIA.png; sourceTree = "<group>"; };
		A423783C1DCC2D5F0040CC3E /* 66.jpg */ = {isa = PBXFileReference; lastKnownFileType = image.jpeg; path = 66.jpg; sourceTree = "<group>"; };
		A423783D1DCC2D5F0040CC3E /* 67.jpg */ = {isa = PBXFileReference; lastKnownFileType = image.jpeg; path = 67.jpg; sourceTree = "<group>"; };
		A423783E1DCC2D5F0040CC3E /* 68.jpg */ = {isa = PBXFileReference; lastKnownFileType = image.jpeg; path = 68.jpg; sourceTree = "<group>"; };
		A423783F1DCC2D5F0040CC3E /* 69.jpg */ = {isa = PBXFileReference; lastKnownFileType = image.jpeg; path = 69.jpg; sourceTree = "<group>"; };
		A423784A1DCC8FCE0040CC3E /* ear.png */ = {isa = PBXFileReference; lastKnownFileType = image.png; path = ear.png; sourceTree = "<group>"; };
		A42C9D311DB07243002D8AFF /* ViewImageCrop.h */ = {isa = PBXFileReference; fileEncoding = 4; lastKnownFileType = sourcecode.c.h; path = ViewImageCrop.h; sourceTree = "<group>"; };
		A42C9D321DB07243002D8AFF /* ViewImageCrop.m */ = {isa = PBXFileReference; fileEncoding = 4; lastKnownFileType = sourcecode.c.objc; path = ViewImageCrop.m; sourceTree = "<group>"; };
		A42C9D341DB0948F002D8AFF /* Shiny_2.jpg */ = {isa = PBXFileReference; lastKnownFileType = image.jpeg; path = Shiny_2.jpg; sourceTree = "<group>"; };
		A42D28AC1D598DAC00FEE114 /* CSAlbumCollectionViewCell.h */ = {isa = PBXFileReference; fileEncoding = 4; lastKnownFileType = sourcecode.c.h; path = CSAlbumCollectionViewCell.h; sourceTree = "<group>"; };
		A42D28AD1D598DAC00FEE114 /* CSAlbumCollectionViewCell.m */ = {isa = PBXFileReference; fileEncoding = 4; lastKnownFileType = sourcecode.c.objc; path = CSAlbumCollectionViewCell.m; sourceTree = "<group>"; };
		A42D28AF1D598E5B00FEE114 /* CSAlbumCollectionViewCell.xib */ = {isa = PBXFileReference; fileEncoding = 4; lastKnownFileType = file.xib; path = CSAlbumCollectionViewCell.xib; sourceTree = "<group>"; };
		A42D28B11D5994ED00FEE114 /* BeautyCenterViewController.h */ = {isa = PBXFileReference; fileEncoding = 4; lastKnownFileType = sourcecode.c.h; path = BeautyCenterViewController.h; sourceTree = "<group>"; };
		A42D28B21D5994ED00FEE114 /* BeautyCenterViewController.m */ = {isa = PBXFileReference; fileEncoding = 4; lastKnownFileType = sourcecode.c.objc; path = BeautyCenterViewController.m; sourceTree = "<group>"; };
		A42D28C31D5B2B9000FEE114 /* CSAlbumCoverCollectionViewController.h */ = {isa = PBXFileReference; fileEncoding = 4; lastKnownFileType = sourcecode.c.h; path = CSAlbumCoverCollectionViewController.h; sourceTree = "<group>"; };
		A42D28C41D5B2B9000FEE114 /* CSAlbumCoverCollectionViewController.m */ = {isa = PBXFileReference; fileEncoding = 4; lastKnownFileType = sourcecode.c.objc; path = CSAlbumCoverCollectionViewController.m; sourceTree = "<group>"; };
		A44EB7251D4B2B0C00EF5F8E /* CPUImageFilterUtil.h */ = {isa = PBXFileReference; fileEncoding = 4; lastKnownFileType = sourcecode.c.h; path = CPUImageFilterUtil.h; sourceTree = "<group>"; };
		A44EB7261D4B2B0C00EF5F8E /* CPUImageFilterUtil.m */ = {isa = PBXFileReference; fileEncoding = 4; lastKnownFileType = sourcecode.c.objc; path = CPUImageFilterUtil.m; sourceTree = "<group>"; };
		A44EB7281D4B2B0C00EF5F8E /* Model.png */ = {isa = PBXFileReference; lastKnownFileType = image.png; path = Model.png; sourceTree = "<group>"; };
		A44EB72C1D4B2B0C00EF5F8E /* ItemViewController.h */ = {isa = PBXFileReference; fileEncoding = 4; lastKnownFileType = sourcecode.c.h; path = ItemViewController.h; sourceTree = "<group>"; };
		A44EB72D1D4B2B0C00EF5F8E /* ItemViewController.m */ = {isa = PBXFileReference; fileEncoding = 4; lastKnownFileType = sourcecode.c.objc; path = ItemViewController.m; sourceTree = "<group>"; };
		A44EB72E1D4B2B0C00EF5F8E /* RootTableViewController.h */ = {isa = PBXFileReference; fileEncoding = 4; lastKnownFileType = sourcecode.c.h; path = RootTableViewController.h; sourceTree = "<group>"; };
		A44EB72F1D4B2B0C00EF5F8E /* RootTableViewController.m */ = {isa = PBXFileReference; fileEncoding = 4; lastKnownFileType = sourcecode.c.objc; path = RootTableViewController.m; sourceTree = "<group>"; };
		A47C6D6F1DC878AB00997DD2 /* LUT_Snap.png */ = {isa = PBXFileReference; lastKnownFileType = image.png; path = LUT_Snap.png; sourceTree = "<group>"; };
		A47C6D711DC87D0600997DD2 /* GPUImageSnapchatFilter.h */ = {isa = PBXFileReference; fileEncoding = 4; lastKnownFileType = sourcecode.c.h; path = GPUImageSnapchatFilter.h; sourceTree = "<group>"; };
		A47C6D721DC87D0600997DD2 /* GPUImageSnapchatFilter.m */ = {isa = PBXFileReference; fileEncoding = 4; lastKnownFileType = sourcecode.c.objc; path = GPUImageSnapchatFilter.m; sourceTree = "<group>"; };
		A47C6DD21DCB2E7600997DD2 /* MainViewController.h */ = {isa = PBXFileReference; fileEncoding = 4; lastKnownFileType = sourcecode.c.h; path = MainViewController.h; sourceTree = "<group>"; };
		A47C6DD31DCB2E7600997DD2 /* MainViewController.m */ = {isa = PBXFileReference; fileEncoding = 4; lastKnownFileType = sourcecode.c.objc; path = MainViewController.m; sourceTree = "<group>"; };
		A47C6DD51DCB417500997DD2 /* UIImage+WaterMark.h */ = {isa = PBXFileReference; fileEncoding = 4; lastKnownFileType = sourcecode.c.h; path = "UIImage+WaterMark.h"; sourceTree = "<group>"; };
		A47C6DD61DCB417500997DD2 /* UIImage+WaterMark.m */ = {isa = PBXFileReference; fileEncoding = 4; lastKnownFileType = sourcecode.c.objc; path = "UIImage+WaterMark.m"; sourceTree = "<group>"; };
		A47F5A231D703759002B4F3E /* customToneCurve.acv */ = {isa = PBXFileReference; lastKnownFileType = file; path = customToneCurve.acv; sourceTree = "<group>"; };
		A47F5A261D703D51002B4F3E /* LUT_Bleach.png */ = {isa = PBXFileReference; lastKnownFileType = image.png; path = LUT_Bleach.png; sourceTree = "<group>"; };
		A47F5A271D703D51002B4F3E /* LUT_Original.png */ = {isa = PBXFileReference; lastKnownFileType = image.png; path = LUT_Original.png; sourceTree = "<group>"; };
		A47F5A2A1D704058002B4F3E /* LUT_Moonlight.png */ = {isa = PBXFileReference; lastKnownFileType = image.png; path = LUT_Moonlight.png; sourceTree = "<group>"; };
		A47F5A2C1D704113002B4F3E /* GPUImageMoonlightFilter.h */ = {isa = PBXFileReference; fileEncoding = 4; lastKnownFileType = sourcecode.c.h; path = GPUImageMoonlightFilter.h; sourceTree = "<group>"; };
		A47F5A2D1D704113002B4F3E /* GPUImageMoonlightFilter.m */ = {isa = PBXFileReference; fileEncoding = 4; lastKnownFileType = sourcecode.c.objc; path = GPUImageMoonlightFilter.m; sourceTree = "<group>"; };
		A47F5A2F1D70466D002B4F3E /* LUT_From_PS_ATN_File.png */ = {isa = PBXFileReference; lastKnownFileType = image.png; path = LUT_From_PS_ATN_File.png; sourceTree = "<group>"; };
		A47F5A341D704A7D002B4F3E /* texture_colorBurnBlend_1.png */ = {isa = PBXFileReference; lastKnownFileType = image.png; path = texture_colorBurnBlend_1.png; sourceTree = "<group>"; };
		A47F5A351D704A7D002B4F3E /* texture_linearBurnBlend_1.png */ = {isa = PBXFileReference; lastKnownFileType = image.png; path = texture_linearBurnBlend_1.png; sourceTree = "<group>"; };
		A47F5A361D704A7D002B4F3E /* texture_multiplyBlend_1.png */ = {isa = PBXFileReference; lastKnownFileType = image.png; path = texture_multiplyBlend_1.png; sourceTree = "<group>"; };
		A47F5A371D704A7D002B4F3E /* texture_normalBlend_1.png */ = {isa = PBXFileReference; lastKnownFileType = image.png; path = texture_normalBlend_1.png; sourceTree = "<group>"; };
		A47F5A381D704A7D002B4F3E /* texture_normalBlend_2.png */ = {isa = PBXFileReference; lastKnownFileType = image.png; path = texture_normalBlend_2.png; sourceTree = "<group>"; };
		A47F5A391D704A7D002B4F3E /* texture_normalBlend_3.png */ = {isa = PBXFileReference; lastKnownFileType = image.png; path = texture_normalBlend_3.png; sourceTree = "<group>"; };
		A47F5A3A1D704A7D002B4F3E /* texture_normalBlend_4.png */ = {isa = PBXFileReference; lastKnownFileType = image.png; path = texture_normalBlend_4.png; sourceTree = "<group>"; };
		A47F5A3B1D704A7D002B4F3E /* texture_overlayBlend_1.png */ = {isa = PBXFileReference; lastKnownFileType = image.png; path = texture_overlayBlend_1.png; sourceTree = "<group>"; };
		A47F5A3C1D704A7D002B4F3E /* texture_overlayBlend_2.png */ = {isa = PBXFileReference; lastKnownFileType = image.png; path = texture_overlayBlend_2.png; sourceTree = "<group>"; };
		A47F5A3D1D704A7D002B4F3E /* texture_screenBlend_1.png */ = {isa = PBXFileReference; lastKnownFileType = image.png; path = texture_screenBlend_1.png; sourceTree = "<group>"; };
		A4880B5D1D814AC40016B619 /* CameraFocusView.h */ = {isa = PBXFileReference; fileEncoding = 4; lastKnownFileType = sourcecode.c.h; path = CameraFocusView.h; sourceTree = "<group>"; };
		A4880B5E1D814AC40016B619 /* CameraFocusView.m */ = {isa = PBXFileReference; fileEncoding = 4; lastKnownFileType = sourcecode.c.objc; path = CameraFocusView.m; sourceTree = "<group>"; };
		A4880B601D816B600016B619 /* CSSlider.m */ = {isa = PBXFileReference; fileEncoding = 4; lastKnownFileType = sourcecode.c.objc; path = CSSlider.m; sourceTree = "<group>"; };
		A4880B611D816B600016B619 /* CSSlider.h */ = {isa = PBXFileReference; fileEncoding = 4; lastKnownFileType = sourcecode.c.h; path = CSSlider.h; sourceTree = "<group>"; };
		A4CDE55A1D9939940009F1F0 /* CoreMotion.framework */ = {isa = PBXFileReference; lastKnownFileType = wrapper.framework; name = CoreMotion.framework; path = System/Library/Frameworks/CoreMotion.framework; sourceTree = SDKROOT; };
		A4CDE55D1D99FFDD0009F1F0 /* UIImage+CSCategory.h */ = {isa = PBXFileReference; fileEncoding = 4; lastKnownFileType = sourcecode.c.h; path = "UIImage+CSCategory.h"; sourceTree = "<group>"; };
		A4CDE55E1D99FFE60009F1F0 /* UIImage+CSCategory.m */ = {isa = PBXFileReference; fileEncoding = 4; lastKnownFileType = sourcecode.c.objc; path = "UIImage+CSCategory.m"; sourceTree = "<group>"; };
		A4CDE5601D9A01590009F1F0 /* Macro.h */ = {isa = PBXFileReference; fileEncoding = 4; lastKnownFileType = sourcecode.c.h; path = Macro.h; sourceTree = "<group>"; };
		A4D8AEBB1D50456600060E5F /* CameraViewController.h */ = {isa = PBXFileReference; fileEncoding = 4; lastKnownFileType = sourcecode.c.h; path = CameraViewController.h; sourceTree = "<group>"; };
		A4D8AEBC1D50456600060E5F /* CameraViewController.m */ = {isa = PBXFileReference; fileEncoding = 4; lastKnownFileType = sourcecode.c.objc; path = CameraViewController.m; sourceTree = "<group>"; };
		A4D8AEBE1D50457200060E5F /* VideoViewController.h */ = {isa = PBXFileReference; fileEncoding = 4; lastKnownFileType = sourcecode.c.h; path = VideoViewController.h; sourceTree = "<group>"; };
		A4D8AEBF1D50457200060E5F /* VideoViewController.m */ = {isa = PBXFileReference; fileEncoding = 4; lastKnownFileType = sourcecode.c.objc; path = VideoViewController.m; sourceTree = "<group>"; };
		A4D8AEC31D50918F00060E5F /* GPUImageCustomFilter.fsh */ = {isa = PBXFileReference; fileEncoding = 4; lastKnownFileType = sourcecode.glsl; path = GPUImageCustomFilter.fsh; sourceTree = "<group>"; };
		A4D8AEC51D5091A700060E5F /* DemoGPUImageCameraViewController.h */ = {isa = PBXFileReference; fileEncoding = 4; lastKnownFileType = sourcecode.c.h; path = DemoGPUImageCameraViewController.h; sourceTree = "<group>"; };
		A4D8AEC61D5091A700060E5F /* DemoGPUImageCameraViewController.m */ = {isa = PBXFileReference; fileEncoding = 4; lastKnownFileType = sourcecode.c.objc; path = DemoGPUImageCameraViewController.m; sourceTree = "<group>"; };
		A4D8AEC81D51A8D500060E5F /* CSVideoCameraViewController.h */ = {isa = PBXFileReference; fileEncoding = 4; lastKnownFileType = sourcecode.c.h; path = CSVideoCameraViewController.h; sourceTree = "<group>"; };
		A4D8AEC91D51A8D500060E5F /* CSVideoCameraViewController.m */ = {isa = PBXFileReference; fileEncoding = 4; lastKnownFileType = sourcecode.c.objc; path = CSVideoCameraViewController.m; sourceTree = "<group>"; };
		A4D8AECB1D51A96200060E5F /* DemoGPUImageVideoCameraViewController.h */ = {isa = PBXFileReference; fileEncoding = 4; lastKnownFileType = sourcecode.c.h; path = DemoGPUImageVideoCameraViewController.h; sourceTree = "<group>"; };
		A4D8AECC1D51A96200060E5F /* DemoGPUImageVideoCameraViewController.m */ = {isa = PBXFileReference; fileEncoding = 4; lastKnownFileType = sourcecode.c.objc; path = DemoGPUImageVideoCameraViewController.m; sourceTree = "<group>"; };
		A4D8AECE1D51BD0500060E5F /* CSViewVideoCameraDuration.h */ = {isa = PBXFileReference; fileEncoding = 4; lastKnownFileType = sourcecode.c.h; path = CSViewVideoCameraDuration.h; sourceTree = "<group>"; };
		A4D8AECF1D51BD0500060E5F /* CSViewVideoCameraDuration.m */ = {isa = PBXFileReference; fileEncoding = 4; lastKnownFileType = sourcecode.c.objc; path = CSViewVideoCameraDuration.m; sourceTree = "<group>"; };
		A4D8AF061D582B1E00060E5F /* CSAlbumDataSourceManager.h */ = {isa = PBXFileReference; fileEncoding = 4; lastKnownFileType = sourcecode.c.h; path = CSAlbumDataSourceManager.h; sourceTree = "<group>"; };
		A4D8AF071D582B1E00060E5F /* CSAlbumDataSourceManager.m */ = {isa = PBXFileReference; fileEncoding = 4; lastKnownFileType = sourcecode.c.objc; path = CSAlbumDataSourceManager.m; sourceTree = "<group>"; };
		A4DE3AEA1DBDDB6900CC8896 /* magic_animation.m4a */ = {isa = PBXFileReference; lastKnownFileType = file; path = magic_animation.m4a; sourceTree = "<group>"; };
		A4DE3AEC1DBDDE1900CC8896 /* countdown.wav */ = {isa = PBXFileReference; lastKnownFileType = audio.wav; path = countdown.wav; sourceTree = "<group>"; };
		A4DE3B451DBF2D5000CC8896 /* ABPieProgress.h */ = {isa = PBXFileReference; fileEncoding = 4; lastKnownFileType = sourcecode.c.h; path = ABPieProgress.h; sourceTree = "<group>"; };
		A4DE3B461DBF2D5000CC8896 /* ABPieProgress.m */ = {isa = PBXFileReference; fileEncoding = 4; lastKnownFileType = sourcecode.c.objc; path = ABPieProgress.m; sourceTree = "<group>"; };
		A4DE3B481DBF334F00CC8896 /* NSIndexSet+Convenience.h */ = {isa = PBXFileReference; fileEncoding = 4; lastKnownFileType = sourcecode.c.h; path = "NSIndexSet+Convenience.h"; sourceTree = "<group>"; };
		A4DE3B491DBF334F00CC8896 /* NSIndexSet+Convenience.m */ = {isa = PBXFileReference; fileEncoding = 4; lastKnownFileType = sourcecode.c.objc; path = "NSIndexSet+Convenience.m"; sourceTree = "<group>"; };
		A4DE3B991DC0BF2000CC8896 /* TestViewController.h */ = {isa = PBXFileReference; fileEncoding = 4; lastKnownFileType = sourcecode.c.h; path = TestViewController.h; sourceTree = "<group>"; };
		A4DE3B9A1DC0BF2000CC8896 /* TestViewController.m */ = {isa = PBXFileReference; fileEncoding = 4; lastKnownFileType = sourcecode.c.objc; path = TestViewController.m; sourceTree = "<group>"; };
		A4DE3B9D1DC0C09800CC8896 /* AnimatorBaseTransition.h */ = {isa = PBXFileReference; fileEncoding = 4; lastKnownFileType = sourcecode.c.h; path = AnimatorBaseTransition.h; sourceTree = "<group>"; };
		A4DE3B9E1DC0C09800CC8896 /* AnimatorBaseTransition.m */ = {isa = PBXFileReference; fileEncoding = 4; lastKnownFileType = sourcecode.c.objc; path = AnimatorBaseTransition.m; sourceTree = "<group>"; };
		A4DE3B9F1DC0C09800CC8896 /* AnimatorPushPopTransition.h */ = {isa = PBXFileReference; fileEncoding = 4; lastKnownFileType = sourcecode.c.h; path = AnimatorPushPopTransition.h; sourceTree = "<group>"; };
		A4DE3BA01DC0C09800CC8896 /* AnimatorPushPopTransition.m */ = {isa = PBXFileReference; fileEncoding = 4; lastKnownFileType = sourcecode.c.objc; path = AnimatorPushPopTransition.m; sourceTree = "<group>"; };
		A4F225101DB6300D00310FB9 /* CLLocation+GPSDictionary.h */ = {isa = PBXFileReference; fileEncoding = 4; lastKnownFileType = sourcecode.c.h; path = "CLLocation+GPSDictionary.h"; sourceTree = "<group>"; };
		A4F225111DB6301700310FB9 /* CLLocation+GPSDictionary.m */ = {isa = PBXFileReference; fileEncoding = 4; lastKnownFileType = sourcecode.c.objc; path = "CLLocation+GPSDictionary.m"; sourceTree = "<group>"; };
		BB8A08A1C1FA46E173EA13A6 /* Pods-ImageFilterDemo.debug.xcconfig */ = {isa = PBXFileReference; includeInIndex = 1; lastKnownFileType = text.xcconfig; name = "Pods-ImageFilterDemo.debug.xcconfig"; path = "Pods/Target Support Files/Pods-ImageFilterDemo/Pods-ImageFilterDemo.debug.xcconfig"; sourceTree = "<group>"; };
		FC6FAC3C1BE6B6B1815CE150 /* libPods-ImageFilterDemo.a */ = {isa = PBXFileReference; explicitFileType = archive.ar; includeInIndex = 0; path = "libPods-ImageFilterDemo.a"; sourceTree = BUILT_PRODUCTS_DIR; };
/* End PBXFileReference section */

/* Begin PBXFrameworksBuildPhase section */
		834C52E91B92DABE000690FD /* Frameworks */ = {
			isa = PBXFrameworksBuildPhase;
			buildActionMask = 2147483647;
			files = (
				A4CDE55B1D9939940009F1F0 /* CoreMotion.framework in Frameworks */,
				A40586201B940EA6004DD437 /* QuartzCore.framework in Frameworks */,
				A405861E1B93FE4E004DD437 /* CoreGraphics.framework in Frameworks */,
				A405861C1B93FE40004DD437 /* OpenGLES.framework in Frameworks */,
				DD82DD4AAC3BD05F16B37789 /* libPods-ImageFilterDemo.a in Frameworks */,
			);
			runOnlyForDeploymentPostprocessing = 0;
		};
		834C53021B92DABE000690FD /* Frameworks */ = {
			isa = PBXFrameworksBuildPhase;
			buildActionMask = 2147483647;
			files = (
			);
			runOnlyForDeploymentPostprocessing = 0;
		};
/* End PBXFrameworksBuildPhase section */

/* Begin PBXGroup section */
		2488665B768E22FAA2325A66 /* Pods */ = {
			isa = PBXGroup;
			children = (
				BB8A08A1C1FA46E173EA13A6 /* Pods-ImageFilterDemo.debug.xcconfig */,
				6128B69739574C7D3EDB3D10 /* Pods-ImageFilterDemo.release.xcconfig */,
			);
			name = Pods;
			sourceTree = "<group>";
		};
		832A2EA01D50E7C200203BC8 /* Album */ = {
			isa = PBXGroup;
			children = (
				832A2EA11D50E82600203BC8 /* CSAlbumViewController.h */,
				832A2EA21D50E82600203BC8 /* CSAlbumViewController.m */,
				A42D28C31D5B2B9000FEE114 /* CSAlbumCoverCollectionViewController.h */,
				A42D28C41D5B2B9000FEE114 /* CSAlbumCoverCollectionViewController.m */,
				A42D28B11D5994ED00FEE114 /* BeautyCenterViewController.h */,
				A42D28B21D5994ED00FEE114 /* BeautyCenterViewController.m */,
				A4D8AF061D582B1E00060E5F /* CSAlbumDataSourceManager.h */,
				A4D8AF071D582B1E00060E5F /* CSAlbumDataSourceManager.m */,
				A42D28AC1D598DAC00FEE114 /* CSAlbumCollectionViewCell.h */,
				A42D28AD1D598DAC00FEE114 /* CSAlbumCollectionViewCell.m */,
				A42D28AF1D598E5B00FEE114 /* CSAlbumCollectionViewCell.xib */,
			);
			path = Album;
			sourceTree = "<group>";
		};
		834C52E31B92DABE000690FD = {
			isa = PBXGroup;
			children = (
				A405861D1B93FE4E004DD437 /* CoreGraphics.framework */,
				A405861B1B93FE40004DD437 /* OpenGLES.framework */,
				834C52EE1B92DABE000690FD /* ImageFilterDemo */,
				834C53081B92DABE000690FD /* ImageFilterDemoTests */,
				834C52ED1B92DABE000690FD /* Products */,
				9974907C63373BA9209589F3 /* Frameworks */,
				2488665B768E22FAA2325A66 /* Pods */,
			);
			sourceTree = "<group>";
		};
		834C52ED1B92DABE000690FD /* Products */ = {
			isa = PBXGroup;
			children = (
				834C52EC1B92DABE000690FD /* ImageFilterDemo.app */,
				834C53051B92DABE000690FD /* ImageFilterDemoTests.xctest */,
			);
			name = Products;
			sourceTree = "<group>";
		};
		834C52EE1B92DABE000690FD /* ImageFilterDemo */ = {
			isa = PBXGroup;
			children = (
				A4DE3B9C1DC0C09800CC8896 /* Animator */,
				A4DE3B441DBF2D5000CC8896 /* ABPieProgress */,
				A4CDE55C1D99FFC50009F1F0 /* OCCategory */,
				A4D8AEC11D50917A00060E5F /* GPUImage */,
				A44EB7241D4B2B0C00EF5F8E /* CPUImageFilterUtil */,
				A44EB7271D4B2B0C00EF5F8E /* Images */,
				A44EB72B1D4B2B0C00EF5F8E /* ViewControllers */,
				832A2EA01D50E7C200203BC8 /* Album */,
				A4D8AEB91D50453400060E5F /* Camera */,
				A4D8AEBA1D50453400060E5F /* Video */,
				A415851D1DADCA220058204E /* Preview */,
				A42C9D301DB07226002D8AFF /* Crop */,
				834C52F31B92DABE000690FD /* AppDelegate.h */,
				834C52F41B92DABE000690FD /* AppDelegate.m */,
				A4DE3B991DC0BF2000CC8896 /* TestViewController.h */,
				A4DE3B9A1DC0BF2000CC8896 /* TestViewController.m */,
				834C52F91B92DABE000690FD /* Main.storyboard */,
				834C52FC1B92DABE000690FD /* Images.xcassets */,
				834C52FE1B92DABE000690FD /* LaunchScreen.xib */,
				834C52EF1B92DABE000690FD /* Supporting Files */,
			);
			path = ImageFilterDemo;
			sourceTree = "<group>";
		};
		834C52EF1B92DABE000690FD /* Supporting Files */ = {
			isa = PBXGroup;
			children = (
				834C52F01B92DABE000690FD /* Info.plist */,
				834C52F11B92DABE000690FD /* main.m */,
			);
			name = "Supporting Files";
			sourceTree = "<group>";
		};
		834C53081B92DABE000690FD /* ImageFilterDemoTests */ = {
			isa = PBXGroup;
			children = (
				834C530B1B92DABE000690FD /* ImageFilterDemoTests.m */,
				834C53091B92DABE000690FD /* Supporting Files */,
			);
			path = ImageFilterDemoTests;
			sourceTree = "<group>";
		};
		834C53091B92DABE000690FD /* Supporting Files */ = {
			isa = PBXGroup;
			children = (
				834C530A1B92DABE000690FD /* Info.plist */,
			);
			name = "Supporting Files";
			sourceTree = "<group>";
		};
		9974907C63373BA9209589F3 /* Frameworks */ = {
			isa = PBXGroup;
			children = (
				A4CDE55A1D9939940009F1F0 /* CoreMotion.framework */,
				A405861F1B940EA6004DD437 /* QuartzCore.framework */,
				FC6FAC3C1BE6B6B1815CE150 /* libPods-ImageFilterDemo.a */,
			);
			name = Frameworks;
			sourceTree = "<group>";
		};
		A415851D1DADCA220058204E /* Preview */ = {
			isa = PBXGroup;
			children = (
				A415851E1DADCA220058204E /* CSPreviewThumbnailDataSourceManager.h */,
				A415851F1DADCA220058204E /* CSPreviewThumbnailDataSourceManager.m */,
				A41585201DADCA220058204E /* CSPreviewViewController.h */,
				A41585211DADCA220058204E /* CSPreviewViewController.m */,
				A4DE3B481DBF334F00CC8896 /* NSIndexSet+Convenience.h */,
				A4DE3B491DBF334F00CC8896 /* NSIndexSet+Convenience.m */,
			);
			path = Preview;
			sourceTree = "<group>";
		};
		A42C9D301DB07226002D8AFF /* Crop */ = {
			isa = PBXGroup;
			children = (
				A42C9D341DB0948F002D8AFF /* Shiny_2.jpg */,
				A42C9D311DB07243002D8AFF /* ViewImageCrop.h */,
				A42C9D321DB07243002D8AFF /* ViewImageCrop.m */,
			);
			path = Crop;
			sourceTree = "<group>";
		};
		A44EB7241D4B2B0C00EF5F8E /* CPUImageFilterUtil */ = {
			isa = PBXGroup;
			children = (
				A44EB7251D4B2B0C00EF5F8E /* CPUImageFilterUtil.h */,
				A44EB7261D4B2B0C00EF5F8E /* CPUImageFilterUtil.m */,
			);
			path = CPUImageFilterUtil;
			sourceTree = "<group>";
		};
		A44EB7271D4B2B0C00EF5F8E /* Images */ = {
			isa = PBXGroup;
			children = (
				A423784A1DCC8FCE0040CC3E /* ear.png */,
				A423783C1DCC2D5F0040CC3E /* 66.jpg */,
				A423783D1DCC2D5F0040CC3E /* 67.jpg */,
				A423783E1DCC2D5F0040CC3E /* 68.jpg */,
				A423783F1DCC2D5F0040CC3E /* 69.jpg */,
				A44EB7281D4B2B0C00EF5F8E /* Model.png */,
			);
			path = Images;
			sourceTree = "<group>";
		};
		A44EB72B1D4B2B0C00EF5F8E /* ViewControllers */ = {
			isa = PBXGroup;
			children = (
				A44EB72C1D4B2B0C00EF5F8E /* ItemViewController.h */,
				A44EB72D1D4B2B0C00EF5F8E /* ItemViewController.m */,
				A44EB72E1D4B2B0C00EF5F8E /* RootTableViewController.h */,
				A44EB72F1D4B2B0C00EF5F8E /* RootTableViewController.m */,
			);
			path = ViewControllers;
			sourceTree = "<group>";
		};
		A47F5A221D703759002B4F3E /* ACVs */ = {
			isa = PBXGroup;
			children = (
				A47F5A231D703759002B4F3E /* customToneCurve.acv */,
			);
			path = ACVs;
			sourceTree = "<group>";
		};
		A47F5A251D703D51002B4F3E /* LUTs */ = {
			isa = PBXGroup;
			children = (
				A47F5A2C1D704113002B4F3E /* GPUImageMoonlightFilter.h */,
				A47F5A2D1D704113002B4F3E /* GPUImageMoonlightFilter.m */,
				A47C6D711DC87D0600997DD2 /* GPUImageSnapchatFilter.h */,
				A47C6D721DC87D0600997DD2 /* GPUImageSnapchatFilter.m */,
				A41587421DAE44AA0058204E /* LUT_NOSTALGIA.png */,
				A47F5A271D703D51002B4F3E /* LUT_Original.png */,
				A47F5A2A1D704058002B4F3E /* LUT_Moonlight.png */,
				A47F5A261D703D51002B4F3E /* LUT_Bleach.png */,
				A47F5A2F1D70466D002B4F3E /* LUT_From_PS_ATN_File.png */,
				A47C6D6F1DC878AB00997DD2 /* LUT_Snap.png */,
			);
			path = LUTs;
			sourceTree = "<group>";
		};
		A47F5A331D704A7D002B4F3E /* Textures */ = {
			isa = PBXGroup;
			children = (
				A47F5A341D704A7D002B4F3E /* texture_colorBurnBlend_1.png */,
				A47F5A351D704A7D002B4F3E /* texture_linearBurnBlend_1.png */,
				A47F5A361D704A7D002B4F3E /* texture_multiplyBlend_1.png */,
				A47F5A371D704A7D002B4F3E /* texture_normalBlend_1.png */,
				A47F5A381D704A7D002B4F3E /* texture_normalBlend_2.png */,
				A47F5A391D704A7D002B4F3E /* texture_normalBlend_3.png */,
				A47F5A3A1D704A7D002B4F3E /* texture_normalBlend_4.png */,
				A47F5A3B1D704A7D002B4F3E /* texture_overlayBlend_1.png */,
				A47F5A3C1D704A7D002B4F3E /* texture_overlayBlend_2.png */,
				A47F5A3D1D704A7D002B4F3E /* texture_screenBlend_1.png */,
			);
			path = Textures;
			sourceTree = "<group>";
		};
		A4CDE55C1D99FFC50009F1F0 /* OCCategory */ = {
			isa = PBXGroup;
			children = (
				A47C6DD51DCB417500997DD2 /* UIImage+WaterMark.h */,
				A47C6DD61DCB417500997DD2 /* UIImage+WaterMark.m */,
				A4CDE55D1D99FFDD0009F1F0 /* UIImage+CSCategory.h */,
				A4CDE55E1D99FFE60009F1F0 /* UIImage+CSCategory.m */,
				A4F225101DB6300D00310FB9 /* CLLocation+GPSDictionary.h */,
				A4F225111DB6301700310FB9 /* CLLocation+GPSDictionary.m */,
				A4CDE5601D9A01590009F1F0 /* Macro.h */,
			);
			path = OCCategory;
			sourceTree = "<group>";
		};
		A4D8AEB91D50453400060E5F /* Camera */ = {
			isa = PBXGroup;
			children = (
				A4DE3AEC1DBDDE1900CC8896 /* countdown.wav */,
				A4DE3AEA1DBDDB6900CC8896 /* magic_animation.m4a */,
				A4880B611D816B600016B619 /* CSSlider.h */,
				A4880B601D816B600016B619 /* CSSlider.m */,
				832A2EA71D50EFA100203BC8 /* CSCameraViewController.h */,
				832A2EA81D50EFA100203BC8 /* CSCameraViewController.m */,
				A4880B5D1D814AC40016B619 /* CameraFocusView.h */,
				A4880B5E1D814AC40016B619 /* CameraFocusView.m */,
				A4D8AEBB1D50456600060E5F /* CameraViewController.h */,
				A4D8AEBC1D50456600060E5F /* CameraViewController.m */,
				A47C6DD21DCB2E7600997DD2 /* MainViewController.h */,
				A47C6DD31DCB2E7600997DD2 /* MainViewController.m */,
			);
			path = Camera;
			sourceTree = "<group>";
		};
		A4D8AEBA1D50453400060E5F /* Video */ = {
			isa = PBXGroup;
			children = (
				A4D8AEC81D51A8D500060E5F /* CSVideoCameraViewController.h */,
				A4D8AEC91D51A8D500060E5F /* CSVideoCameraViewController.m */,
				A4D8AECE1D51BD0500060E5F /* CSViewVideoCameraDuration.h */,
				A4D8AECF1D51BD0500060E5F /* CSViewVideoCameraDuration.m */,
				A4D8AEBE1D50457200060E5F /* VideoViewController.h */,
				A4D8AEBF1D50457200060E5F /* VideoViewController.m */,
			);
			path = Video;
			sourceTree = "<group>";
		};
		A4D8AEC11D50917A00060E5F /* GPUImage */ = {
			isa = PBXGroup;
			children = (
				A47F5A331D704A7D002B4F3E /* Textures */,
				A47F5A251D703D51002B4F3E /* LUTs */,
				A47F5A221D703759002B4F3E /* ACVs */,
				A4D8AEC21D50918F00060E5F /* Shaders */,
				A4D8AEC51D5091A700060E5F /* DemoGPUImageCameraViewController.h */,
				A4D8AEC61D5091A700060E5F /* DemoGPUImageCameraViewController.m */,
				A4D8AECB1D51A96200060E5F /* DemoGPUImageVideoCameraViewController.h */,
				A4D8AECC1D51A96200060E5F /* DemoGPUImageVideoCameraViewController.m */,
			);
			path = GPUImage;
			sourceTree = "<group>";
		};
		A4D8AEC21D50918F00060E5F /* Shaders */ = {
			isa = PBXGroup;
			children = (
				A4D8AEC31D50918F00060E5F /* GPUImageCustomFilter.fsh */,
			);
			path = Shaders;
			sourceTree = "<group>";
		};
		A4DE3B441DBF2D5000CC8896 /* ABPieProgress */ = {
			isa = PBXGroup;
			children = (
				A4DE3B451DBF2D5000CC8896 /* ABPieProgress.h */,
				A4DE3B461DBF2D5000CC8896 /* ABPieProgress.m */,
			);
			path = ABPieProgress;
			sourceTree = "<group>";
		};
		A4DE3B9C1DC0C09800CC8896 /* Animator */ = {
			isa = PBXGroup;
			children = (
				A4DE3B9D1DC0C09800CC8896 /* AnimatorBaseTransition.h */,
				A4DE3B9E1DC0C09800CC8896 /* AnimatorBaseTransition.m */,
				A4DE3B9F1DC0C09800CC8896 /* AnimatorPushPopTransition.h */,
				A4DE3BA01DC0C09800CC8896 /* AnimatorPushPopTransition.m */,
			);
			path = Animator;
			sourceTree = "<group>";
		};
/* End PBXGroup section */

/* Begin PBXNativeTarget section */
		834C52EB1B92DABE000690FD /* ImageFilterDemo */ = {
			isa = PBXNativeTarget;
			buildConfigurationList = 834C530F1B92DABE000690FD /* Build configuration list for PBXNativeTarget "ImageFilterDemo" */;
			buildPhases = (
				D68C0A6C465E14211D0CB29E /* [CP] Check Pods Manifest.lock */,
				834C52E81B92DABE000690FD /* Sources */,
				834C52E91B92DABE000690FD /* Frameworks */,
				834C52EA1B92DABE000690FD /* Resources */,
				CC1C9C43579B34A2D7F13238 /* [CP] Embed Pods Frameworks */,
				63AC9270FCCF30DFD0111F01 /* [CP] Copy Pods Resources */,
			);
			buildRules = (
			);
			dependencies = (
			);
			name = ImageFilterDemo;
			productName = ImageFilterDemo;
			productReference = 834C52EC1B92DABE000690FD /* ImageFilterDemo.app */;
			productType = "com.apple.product-type.application";
		};
		834C53041B92DABE000690FD /* ImageFilterDemoTests */ = {
			isa = PBXNativeTarget;
			buildConfigurationList = 834C53121B92DABE000690FD /* Build configuration list for PBXNativeTarget "ImageFilterDemoTests" */;
			buildPhases = (
				834C53011B92DABE000690FD /* Sources */,
				834C53021B92DABE000690FD /* Frameworks */,
				834C53031B92DABE000690FD /* Resources */,
			);
			buildRules = (
			);
			dependencies = (
				834C53071B92DABE000690FD /* PBXTargetDependency */,
			);
			name = ImageFilterDemoTests;
			productName = ImageFilterDemoTests;
			productReference = 834C53051B92DABE000690FD /* ImageFilterDemoTests.xctest */;
			productType = "com.apple.product-type.bundle.unit-test";
		};
/* End PBXNativeTarget section */

/* Begin PBXProject section */
		834C52E41B92DABE000690FD /* Project object */ = {
			isa = PBXProject;
			attributes = {
				LastUpgradeCheck = 0730;
				ORGANIZATIONNAME = icetime17;
				TargetAttributes = {
					834C52EB1B92DABE000690FD = {
						CreatedOnToolsVersion = 6.4;
						DevelopmentTeam = GGVWN85K85;
					};
					834C53041B92DABE000690FD = {
						CreatedOnToolsVersion = 6.4;
						TestTargetID = 834C52EB1B92DABE000690FD;
					};
				};
			};
			buildConfigurationList = 834C52E71B92DABE000690FD /* Build configuration list for PBXProject "ImageFilterDemo" */;
			compatibilityVersion = "Xcode 3.2";
			developmentRegion = English;
			hasScannedForEncodings = 0;
			knownRegions = (
				en,
				Base,
			);
			mainGroup = 834C52E31B92DABE000690FD;
			productRefGroup = 834C52ED1B92DABE000690FD /* Products */;
			projectDirPath = "";
			projectRoot = "";
			targets = (
				834C52EB1B92DABE000690FD /* ImageFilterDemo */,
				834C53041B92DABE000690FD /* ImageFilterDemoTests */,
			);
		};
/* End PBXProject section */

/* Begin PBXResourcesBuildPhase section */
		834C52EA1B92DABE000690FD /* Resources */ = {
			isa = PBXResourcesBuildPhase;
			buildActionMask = 2147483647;
			files = (
				A42378431DCC2D5F0040CC3E /* 69.jpg in Resources */,
				834C52FB1B92DABE000690FD /* Main.storyboard in Resources */,
				A47C6D701DC878AB00997DD2 /* LUT_Snap.png in Resources */,
				A47F5A3E1D704A7D002B4F3E /* texture_colorBurnBlend_1.png in Resources */,
				A47F5A421D704A7D002B4F3E /* texture_normalBlend_2.png in Resources */,
				A4DE3AEB1DBDDB6900CC8896 /* magic_animation.m4a in Resources */,
				A4DE3AED1DBDDE1900CC8896 /* countdown.wav in Resources */,
				A4D8AEC41D50918F00060E5F /* GPUImageCustomFilter.fsh in Resources */,
				A47F5A451D704A7D002B4F3E /* texture_overlayBlend_1.png in Resources */,
				A42D28B01D598E5B00FEE114 /* CSAlbumCollectionViewCell.xib in Resources */,
				A44EB7311D4B2B0C00EF5F8E /* Model.png in Resources */,
				A42378411DCC2D5F0040CC3E /* 67.jpg in Resources */,
				A47F5A301D70466D002B4F3E /* LUT_From_PS_ATN_File.png in Resources */,
				A42C9D351DB0948F002D8AFF /* Shiny_2.jpg in Resources */,
				A423784B1DCC8FCE0040CC3E /* ear.png in Resources */,
				A47F5A431D704A7D002B4F3E /* texture_normalBlend_3.png in Resources */,
				A47F5A401D704A7D002B4F3E /* texture_multiplyBlend_1.png in Resources */,
				A47F5A281D703D51002B4F3E /* LUT_Bleach.png in Resources */,
				834C53001B92DABE000690FD /* LaunchScreen.xib in Resources */,
				A47F5A471D704A7D002B4F3E /* texture_screenBlend_1.png in Resources */,
				A47F5A461D704A7D002B4F3E /* texture_overlayBlend_2.png in Resources */,
				A42378401DCC2D5F0040CC3E /* 66.jpg in Resources */,
				A47F5A411D704A7D002B4F3E /* texture_normalBlend_1.png in Resources */,
				834C52FD1B92DABE000690FD /* Images.xcassets in Resources */,
				A41587431DAE44AA0058204E /* LUT_NOSTALGIA.png in Resources */,
				A47F5A2B1D704058002B4F3E /* LUT_Moonlight.png in Resources */,
				A47F5A241D703759002B4F3E /* customToneCurve.acv in Resources */,
				A47F5A291D703D51002B4F3E /* LUT_Original.png in Resources */,
				A47F5A441D704A7D002B4F3E /* texture_normalBlend_4.png in Resources */,
				A47F5A3F1D704A7D002B4F3E /* texture_linearBurnBlend_1.png in Resources */,
				A42378421DCC2D5F0040CC3E /* 68.jpg in Resources */,
			);
			runOnlyForDeploymentPostprocessing = 0;
		};
		834C53031B92DABE000690FD /* Resources */ = {
			isa = PBXResourcesBuildPhase;
			buildActionMask = 2147483647;
			files = (
			);
			runOnlyForDeploymentPostprocessing = 0;
		};
/* End PBXResourcesBuildPhase section */

/* Begin PBXShellScriptBuildPhase section */
		63AC9270FCCF30DFD0111F01 /* [CP] Copy Pods Resources */ = {
			isa = PBXShellScriptBuildPhase;
			buildActionMask = 2147483647;
			files = (
			);
			inputPaths = (
			);
			name = "[CP] Copy Pods Resources";
			outputPaths = (
			);
			runOnlyForDeploymentPostprocessing = 0;
			shellPath = /bin/sh;
			shellScript = "\"${SRCROOT}/Pods/Target Support Files/Pods-ImageFilterDemo/Pods-ImageFilterDemo-resources.sh\"\n";
			showEnvVarsInLog = 0;
		};
		CC1C9C43579B34A2D7F13238 /* [CP] Embed Pods Frameworks */ = {
			isa = PBXShellScriptBuildPhase;
			buildActionMask = 2147483647;
			files = (
			);
			inputPaths = (
			);
			name = "[CP] Embed Pods Frameworks";
			outputPaths = (
			);
			runOnlyForDeploymentPostprocessing = 0;
			shellPath = /bin/sh;
			shellScript = "\"${SRCROOT}/Pods/Target Support Files/Pods-ImageFilterDemo/Pods-ImageFilterDemo-frameworks.sh\"\n";
			showEnvVarsInLog = 0;
		};
		D68C0A6C465E14211D0CB29E /* [CP] Check Pods Manifest.lock */ = {
			isa = PBXShellScriptBuildPhase;
			buildActionMask = 2147483647;
			files = (
			);
			inputPaths = (
			);
			name = "[CP] Check Pods Manifest.lock";
			outputPaths = (
			);
			runOnlyForDeploymentPostprocessing = 0;
			shellPath = /bin/sh;
			shellScript = "diff \"${PODS_ROOT}/../Podfile.lock\" \"${PODS_ROOT}/Manifest.lock\" > /dev/null\nif [[ $? != 0 ]] ; then\n    cat << EOM\nerror: The sandbox is not in sync with the Podfile.lock. Run 'pod install' or update your CocoaPods installation.\nEOM\n    exit 1\nfi\n";
			showEnvVarsInLog = 0;
		};
/* End PBXShellScriptBuildPhase section */

/* Begin PBXSourcesBuildPhase section */
		834C52E81B92DABE000690FD /* Sources */ = {
			isa = PBXSourcesBuildPhase;
			buildActionMask = 2147483647;
			files = (
				A47C6DD71DCB417500997DD2 /* UIImage+WaterMark.m in Sources */,
				A41585231DADCA220058204E /* CSPreviewViewController.m in Sources */,
				A4DE3BA21DC0C09800CC8896 /* AnimatorPushPopTransition.m in Sources */,
				A4D8AEC71D5091A700060E5F /* DemoGPUImageCameraViewController.m in Sources */,
				A4DE3B9B1DC0BF2100CC8896 /* TestViewController.m in Sources */,
				A4DE3B471DBF2D5000CC8896 /* ABPieProgress.m in Sources */,
				A4F225121DB6301700310FB9 /* CLLocation+GPSDictionary.m in Sources */,
				A4CDE55F1D99FFE60009F1F0 /* UIImage+CSCategory.m in Sources */,
				A42D28B31D5994ED00FEE114 /* BeautyCenterViewController.m in Sources */,
				A44EB7341D4B2B0C00EF5F8E /* RootTableViewController.m in Sources */,
				A4D8AF081D582B1E00060E5F /* CSAlbumDataSourceManager.m in Sources */,
				834C52F51B92DABE000690FD /* AppDelegate.m in Sources */,
				A4DE3BA11DC0C09800CC8896 /* AnimatorBaseTransition.m in Sources */,
				832A2EA31D50E82600203BC8 /* CSAlbumViewController.m in Sources */,
				A4DE3B4A1DBF334F00CC8896 /* NSIndexSet+Convenience.m in Sources */,
				A47C6D731DC87D0600997DD2 /* GPUImageSnapchatFilter.m in Sources */,
				A42D28C51D5B2B9000FEE114 /* CSAlbumCoverCollectionViewController.m in Sources */,
				A4D8AECA1D51A8D500060E5F /* CSVideoCameraViewController.m in Sources */,
				A44EB7331D4B2B0C00EF5F8E /* ItemViewController.m in Sources */,
				A4D8AECD1D51A96200060E5F /* DemoGPUImageVideoCameraViewController.m in Sources */,
				A47C6DD41DCB2E7600997DD2 /* MainViewController.m in Sources */,
				A4D8AEBD1D50456600060E5F /* CameraViewController.m in Sources */,
				A4D8AED01D51BD0500060E5F /* CSViewVideoCameraDuration.m in Sources */,
				A47F5A2E1D704113002B4F3E /* GPUImageMoonlightFilter.m in Sources */,
				A4D8AEC01D50457200060E5F /* VideoViewController.m in Sources */,
				832A2EA91D50EFA100203BC8 /* CSCameraViewController.m in Sources */,
				A42D28AE1D598DAC00FEE114 /* CSAlbumCollectionViewCell.m in Sources */,
				A4880B5F1D814AC40016B619 /* CameraFocusView.m in Sources */,
				A41585221DADCA220058204E /* CSPreviewThumbnailDataSourceManager.m in Sources */,
				A42C9D331DB07243002D8AFF /* ViewImageCrop.m in Sources */,
				A44EB7301D4B2B0C00EF5F8E /* CPUImageFilterUtil.m in Sources */,
				A4880B621D816B600016B619 /* CSSlider.m in Sources */,
				834C52F21B92DABE000690FD /* main.m in Sources */,
			);
			runOnlyForDeploymentPostprocessing = 0;
		};
		834C53011B92DABE000690FD /* Sources */ = {
			isa = PBXSourcesBuildPhase;
			buildActionMask = 2147483647;
			files = (
				834C530C1B92DABE000690FD /* ImageFilterDemoTests.m in Sources */,
			);
			runOnlyForDeploymentPostprocessing = 0;
		};
/* End PBXSourcesBuildPhase section */

/* Begin PBXTargetDependency section */
		834C53071B92DABE000690FD /* PBXTargetDependency */ = {
			isa = PBXTargetDependency;
			target = 834C52EB1B92DABE000690FD /* ImageFilterDemo */;
			targetProxy = 834C53061B92DABE000690FD /* PBXContainerItemProxy */;
		};
/* End PBXTargetDependency section */

/* Begin PBXVariantGroup section */
		834C52F91B92DABE000690FD /* Main.storyboard */ = {
			isa = PBXVariantGroup;
			children = (
				834C52FA1B92DABE000690FD /* Base */,
			);
			name = Main.storyboard;
			sourceTree = "<group>";
		};
		834C52FE1B92DABE000690FD /* LaunchScreen.xib */ = {
			isa = PBXVariantGroup;
			children = (
				834C52FF1B92DABE000690FD /* Base */,
			);
			name = LaunchScreen.xib;
			sourceTree = "<group>";
		};
/* End PBXVariantGroup section */

/* Begin XCBuildConfiguration section */
		834C530D1B92DABE000690FD /* Debug */ = {
			isa = XCBuildConfiguration;
			buildSettings = {
				ALWAYS_SEARCH_USER_PATHS = NO;
				CLANG_CXX_LANGUAGE_STANDARD = "gnu++0x";
				CLANG_CXX_LIBRARY = "libc++";
				CLANG_ENABLE_MODULES = YES;
				CLANG_ENABLE_OBJC_ARC = YES;
				CLANG_WARN_BOOL_CONVERSION = YES;
				CLANG_WARN_CONSTANT_CONVERSION = YES;
				CLANG_WARN_DIRECT_OBJC_ISA_USAGE = YES_ERROR;
				CLANG_WARN_EMPTY_BODY = YES;
				CLANG_WARN_ENUM_CONVERSION = YES;
				CLANG_WARN_INT_CONVERSION = YES;
				CLANG_WARN_OBJC_ROOT_CLASS = YES_ERROR;
				CLANG_WARN_UNREACHABLE_CODE = YES;
				CLANG_WARN__DUPLICATE_METHOD_MATCH = YES;
				"CODE_SIGN_IDENTITY[sdk=iphoneos*]" = "iPhone Developer";
				COPY_PHASE_STRIP = NO;
				DEBUG_INFORMATION_FORMAT = "dwarf-with-dsym";
				ENABLE_STRICT_OBJC_MSGSEND = YES;
				ENABLE_TESTABILITY = YES;
				GCC_C_LANGUAGE_STANDARD = gnu99;
				GCC_DYNAMIC_NO_PIC = NO;
				GCC_NO_COMMON_BLOCKS = YES;
				GCC_OPTIMIZATION_LEVEL = 0;
				GCC_PREPROCESSOR_DEFINITIONS = (
					"DEBUG=1",
					"$(inherited)",
				);
				GCC_SYMBOLS_PRIVATE_EXTERN = NO;
				GCC_WARN_64_TO_32_BIT_CONVERSION = YES;
				GCC_WARN_ABOUT_RETURN_TYPE = YES_ERROR;
				GCC_WARN_UNDECLARED_SELECTOR = YES;
				GCC_WARN_UNINITIALIZED_AUTOS = YES_AGGRESSIVE;
				GCC_WARN_UNUSED_FUNCTION = YES;
				GCC_WARN_UNUSED_VARIABLE = YES;
				IPHONEOS_DEPLOYMENT_TARGET = 8.0;
				MTL_ENABLE_DEBUG_INFO = YES;
				ONLY_ACTIVE_ARCH = YES;
				SDKROOT = iphoneos;
			};
			name = Debug;
		};
		834C530E1B92DABE000690FD /* Release */ = {
			isa = XCBuildConfiguration;
			buildSettings = {
				ALWAYS_SEARCH_USER_PATHS = NO;
				CLANG_CXX_LANGUAGE_STANDARD = "gnu++0x";
				CLANG_CXX_LIBRARY = "libc++";
				CLANG_ENABLE_MODULES = YES;
				CLANG_ENABLE_OBJC_ARC = YES;
				CLANG_WARN_BOOL_CONVERSION = YES;
				CLANG_WARN_CONSTANT_CONVERSION = YES;
				CLANG_WARN_DIRECT_OBJC_ISA_USAGE = YES_ERROR;
				CLANG_WARN_EMPTY_BODY = YES;
				CLANG_WARN_ENUM_CONVERSION = YES;
				CLANG_WARN_INT_CONVERSION = YES;
				CLANG_WARN_OBJC_ROOT_CLASS = YES_ERROR;
				CLANG_WARN_UNREACHABLE_CODE = YES;
				CLANG_WARN__DUPLICATE_METHOD_MATCH = YES;
				"CODE_SIGN_IDENTITY[sdk=iphoneos*]" = "iPhone Developer";
				COPY_PHASE_STRIP = NO;
				DEBUG_INFORMATION_FORMAT = "dwarf-with-dsym";
				ENABLE_NS_ASSERTIONS = NO;
				ENABLE_STRICT_OBJC_MSGSEND = YES;
				GCC_C_LANGUAGE_STANDARD = gnu99;
				GCC_NO_COMMON_BLOCKS = YES;
				GCC_WARN_64_TO_32_BIT_CONVERSION = YES;
				GCC_WARN_ABOUT_RETURN_TYPE = YES_ERROR;
				GCC_WARN_UNDECLARED_SELECTOR = YES;
				GCC_WARN_UNINITIALIZED_AUTOS = YES_AGGRESSIVE;
				GCC_WARN_UNUSED_FUNCTION = YES;
				GCC_WARN_UNUSED_VARIABLE = YES;
				IPHONEOS_DEPLOYMENT_TARGET = 8.0;
				MTL_ENABLE_DEBUG_INFO = NO;
				SDKROOT = iphoneos;
				VALIDATE_PRODUCT = YES;
			};
			name = Release;
		};
		834C53101B92DABE000690FD /* Debug */ = {
			isa = XCBuildConfiguration;
			baseConfigurationReference = BB8A08A1C1FA46E173EA13A6 /* Pods-ImageFilterDemo.debug.xcconfig */;
			buildSettings = {
				ASSETCATALOG_COMPILER_APPICON_NAME = AppIcon;
				CODE_SIGN_IDENTITY = "iPhone Developer";
				DEVELOPMENT_TEAM = GGVWN85K85;
				INFOPLIST_FILE = ImageFilterDemo/Info.plist;
				LD_RUNPATH_SEARCH_PATHS = "$(inherited) @executable_path/Frameworks";
				PRODUCT_BUNDLE_IDENTIFIER = com.icetime17.ImageFilterDemo;
				PRODUCT_NAME = "$(TARGET_NAME)";
			};
			name = Debug;
		};
		834C53111B92DABE000690FD /* Release */ = {
			isa = XCBuildConfiguration;
			baseConfigurationReference = 6128B69739574C7D3EDB3D10 /* Pods-ImageFilterDemo.release.xcconfig */;
			buildSettings = {
				ASSETCATALOG_COMPILER_APPICON_NAME = AppIcon;
				CODE_SIGN_IDENTITY = "iPhone Developer";
				DEVELOPMENT_TEAM = GGVWN85K85;
				INFOPLIST_FILE = ImageFilterDemo/Info.plist;
				LD_RUNPATH_SEARCH_PATHS = "$(inherited) @executable_path/Frameworks";
				PRODUCT_BUNDLE_IDENTIFIER = com.icetime17.ImageFilterDemo;
				PRODUCT_NAME = "$(TARGET_NAME)";
			};
			name = Release;
		};
		834C53131B92DABE000690FD /* Debug */ = {
			isa = XCBuildConfiguration;
			buildSettings = {
				BUNDLE_LOADER = "$(TEST_HOST)";
				FRAMEWORK_SEARCH_PATHS = (
					"$(SDKROOT)/Developer/Library/Frameworks",
					"$(inherited)",
				);
				GCC_PREPROCESSOR_DEFINITIONS = (
					"DEBUG=1",
					"$(inherited)",
				);
				INFOPLIST_FILE = ImageFilterDemoTests/Info.plist;
				LD_RUNPATH_SEARCH_PATHS = "$(inherited) @executable_path/Frameworks @loader_path/Frameworks";
				PRODUCT_BUNDLE_IDENTIFIER = "icetime17.$(PRODUCT_NAME:rfc1034identifier)";
				PRODUCT_NAME = "$(TARGET_NAME)";
				TEST_HOST = "$(BUILT_PRODUCTS_DIR)/ImageFilterDemo.app/ImageFilterDemo";
			};
			name = Debug;
		};
		834C53141B92DABE000690FD /* Release */ = {
			isa = XCBuildConfiguration;
			buildSettings = {
				BUNDLE_LOADER = "$(TEST_HOST)";
				FRAMEWORK_SEARCH_PATHS = (
					"$(SDKROOT)/Developer/Library/Frameworks",
					"$(inherited)",
				);
				INFOPLIST_FILE = ImageFilterDemoTests/Info.plist;
				LD_RUNPATH_SEARCH_PATHS = "$(inherited) @executable_path/Frameworks @loader_path/Frameworks";
				PRODUCT_BUNDLE_IDENTIFIER = "icetime17.$(PRODUCT_NAME:rfc1034identifier)";
				PRODUCT_NAME = "$(TARGET_NAME)";
				TEST_HOST = "$(BUILT_PRODUCTS_DIR)/ImageFilterDemo.app/ImageFilterDemo";
			};
			name = Release;
		};
/* End XCBuildConfiguration section */

/* Begin XCConfigurationList section */
		834C52E71B92DABE000690FD /* Build configuration list for PBXProject "ImageFilterDemo" */ = {
			isa = XCConfigurationList;
			buildConfigurations = (
				834C530D1B92DABE000690FD /* Debug */,
				834C530E1B92DABE000690FD /* Release */,
			);
			defaultConfigurationIsVisible = 0;
			defaultConfigurationName = Release;
		};
		834C530F1B92DABE000690FD /* Build configuration list for PBXNativeTarget "ImageFilterDemo" */ = {
			isa = XCConfigurationList;
			buildConfigurations = (
				834C53101B92DABE000690FD /* Debug */,
				834C53111B92DABE000690FD /* Release */,
			);
			defaultConfigurationIsVisible = 0;
			defaultConfigurationName = Release;
		};
		834C53121B92DABE000690FD /* Build configuration list for PBXNativeTarget "ImageFilterDemoTests" */ = {
			isa = XCConfigurationList;
			buildConfigurations = (
				834C53131B92DABE000690FD /* Debug */,
				834C53141B92DABE000690FD /* Release */,
			);
			defaultConfigurationIsVisible = 0;
			defaultConfigurationName = Release;
		};
/* End XCConfigurationList section */
	};
	rootObject = 834C52E41B92DABE000690FD /* Project object */;
}
